
Microsoft Visual Studio Solution File, Format Version 12.00
# Visual Studio Version 17
VisualStudioVersion = 17.14.36804.6 d17.14
MinimumVisualStudioVersion = 10.0.40219.1
Project("{FAE04EC0-301F-11D3-BF4B-00C04F79EFBC}") = "Proyecto API DS4", "WebApplication1\Proyecto API DS4.csproj", "{40D285D3-1F30-49E9-A412-809B03576FD6}"
EndProject
Global
	GlobalSection(SolutionConfigurationPlatforms) = preSolution
		Debug|Any CPU = Debug|Any CPU
		Release|Any CPU = Release|Any CPU
	EndGlobalSection
	GlobalSection(ProjectConfigurationPlatforms) = postSolution
		{40D285D3-1F30-49E9-A412-809B03576FD6}.Debug|Any CPU.ActiveCfg = Debug|Any CPU
		{40D285D3-1F30-49E9-A412-809B03576FD6}.Debug|Any CPU.Build.0 = Debug|Any CPU
		{40D285D3-1F30-49E9-A412-809B03576FD6}.Release|Any CPU.ActiveCfg = Release|Any CPU
		{40D285D3-1F30-49E9-A412-809B03576FD6}.Release|Any CPU.Build.0 = Release|Any CPU
	EndGlobalSection
	GlobalSection(SolutionProperties) = preSolution
		HideSolutionNode = FALSE
	EndGlobalSection
	GlobalSection(ExtensibilityGlobals) = postSolution
		SolutionGuid = {FC397688-CF38-44FD-BC95-3866B473A04C}
	EndGlobalSection
EndGlobal
